
Microsoft Visual Studio Solution File, Format Version 12.00
# Visual Studio Version 17
VisualStudioVersion = 17.11.35327.3
MinimumVisualStudioVersion = 10.0.40219.1
Project("{9A19103F-16F7-4668-BE54-9A1E7A4F7556}") = "bks.api", "bks.api\bks.api.csproj", "{9052DAA3-E4AB-400D-88C1-9E66B8946ABD}"
EndProject
Project("{9A19103F-16F7-4668-BE54-9A1E7A4F7556}") = "bks.domain", "bks.domain\bks.domain.csproj", "{8F5DCA11-878B-4C01-85E6-CEF9F66E6CE3}"
EndProject
Project("{9A19103F-16F7-4668-BE54-9A1E7A4F7556}") = "bks.inftasturcture", "bks.inftasturcture\bks.inftasturcture.csproj", "{03867E4E-86E2-441A-8E3D-997FACAE6577}"
EndProject
Global
	GlobalSection(SolutionConfigurationPlatforms) = preSolution
		Debug|Any CPU = Debug|Any CPU
		Release|Any CPU = Release|Any CPU
	EndGlobalSection
	GlobalSection(ProjectConfigurationPlatforms) = postSolution
		{9052DAA3-E4AB-400D-88C1-9E66B8946ABD}.Debug|Any CPU.ActiveCfg = Debug|Any CPU
		{9052DAA3-E4AB-400D-88C1-9E66B8946ABD}.Debug|Any CPU.Build.0 = Debug|Any CPU
		{9052DAA3-E4AB-400D-88C1-9E66B8946ABD}.Release|Any CPU.ActiveCfg = Release|Any CPU
		{9052DAA3-E4AB-400D-88C1-9E66B8946ABD}.Release|Any CPU.Build.0 = Release|Any CPU
		{8F5DCA11-878B-4C01-85E6-CEF9F66E6CE3}.Debug|Any CPU.ActiveCfg = Debug|Any CPU
		{8F5DCA11-878B-4C01-85E6-CEF9F66E6CE3}.Debug|Any CPU.Build.0 = Debug|Any CPU
		{8F5DCA11-878B-4C01-85E6-CEF9F66E6CE3}.Release|Any CPU.ActiveCfg = Release|Any CPU
		{8F5DCA11-878B-4C01-85E6-CEF9F66E6CE3}.Release|Any CPU.Build.0 = Release|Any CPU
		{03867E4E-86E2-441A-8E3D-997FACAE6577}.Debug|Any CPU.ActiveCfg = Debug|Any CPU
		{03867E4E-86E2-441A-8E3D-997FACAE6577}.Debug|Any CPU.Build.0 = Debug|Any CPU
		{03867E4E-86E2-441A-8E3D-997FACAE6577}.Release|Any CPU.ActiveCfg = Release|Any CPU
		{03867E4E-86E2-441A-8E3D-997FACAE6577}.Release|Any CPU.Build.0 = Release|Any CPU
	EndGlobalSection
	GlobalSection(SolutionProperties) = preSolution
		HideSolutionNode = FALSE
	EndGlobalSection
	GlobalSection(ExtensibilityGlobals) = postSolution
		SolutionGuid = {447C3E6A-3FEC-464E-8428-1143A39E51AA}
	EndGlobalSection
EndGlobal
